
Microsoft Visual Studio Solution File, Format Version 12.00
# Visual Studio Version 17
VisualStudioVersion = 17.4.33103.184
MinimumVisualStudioVersion = 10.0.40219.1
Project("{9A19103F-16F7-4668-BE54-9A1E7A4F7556}") = "ObservablePatternProject", "ObservablePatternProject.csproj", "{7BC8B9DB-3C93-4AFD-9C40-A0D461AA0AF3}"
EndProject
Global
	GlobalSection(SolutionConfigurationPlatforms) = preSolution
		Debug|Any CPU = Debug|Any CPU
		Release|Any CPU = Release|Any CPU
	EndGlobalSection
	GlobalSection(ProjectConfigurationPlatforms) = postSolution
		{7BC8B9DB-3C93-4AFD-9C40-A0D461AA0AF3}.Debug|Any CPU.ActiveCfg = Debug|Any CPU
		{7BC8B9DB-3C93-4AFD-9C40-A0D461AA0AF3}.Debug|Any CPU.Build.0 = Debug|Any CPU
		{7BC8B9DB-3C93-4AFD-9C40-A0D461AA0AF3}.Release|Any CPU.ActiveCfg = Release|Any CPU
		{7BC8B9DB-3C93-4AFD-9C40-A0D461AA0AF3}.Release|Any CPU.Build.0 = Release|Any CPU
	EndGlobalSection
	GlobalSection(SolutionProperties) = preSolution
		HideSolutionNode = FALSE
	EndGlobalSection
	GlobalSection(ExtensibilityGlobals) = postSolution
		SolutionGuid = {9D1F0C9D-F40F-45A3-853D-ACF5DC7578D9}
	EndGlobalSection
EndGlobal
